
Microsoft Visual Studio Solution File, Format Version 12.00
# Visual Studio Version 16
VisualStudioVersion = 16.0.29326.143
MinimumVisualStudioVersion = 10.0.40219.1
Project("{FAE04EC0-301F-11D3-BF4B-00C04F79EFBC}") = "RPG", "RPG.csproj", "{BB155EE0-27E4-4ECC-ABA7-D86D5A727488}"
EndProject
Global
	GlobalSection(SolutionConfigurationPlatforms) = preSolution
		Debug|Any CPU = Debug|Any CPU
		Release|Any CPU = Release|Any CPU
	EndGlobalSection
	GlobalSection(ProjectConfigurationPlatforms) = postSolution
		{BB155EE0-27E4-4ECC-ABA7-D86D5A727488}.Debug|Any CPU.ActiveCfg = Debug|Any CPU
		{BB155EE0-27E4-4ECC-ABA7-D86D5A727488}.Debug|Any CPU.Build.0 = Debug|Any CPU
		{BB155EE0-27E4-4ECC-ABA7-D86D5A727488}.Release|Any CPU.ActiveCfg = Release|Any CPU
		{BB155EE0-27E4-4ECC-ABA7-D86D5A727488}.Release|Any CPU.Build.0 = Release|Any CPU
	EndGlobalSection
	GlobalSection(SolutionProperties) = preSolution
		HideSolutionNode = FALSE
	EndGlobalSection
	GlobalSection(ExtensibilityGlobals) = postSolution
		SolutionGuid = {7998FDB1-09E1-4E6D-AE16-65EA70D9F769}
	EndGlobalSection
EndGlobal
